
Microsoft Visual Studio Solution File, Format Version 11.00
# Visual Studio 2010
Project("{8BC9CEB8-8B4A-11D0-8D11-00A0C91BC942}") = "getFundNetValue", "getFundNetValue.vcxproj", "{27A16D6C-1B7B-45B9-A46F-921A96AB92F6}"
EndProject
Global
	GlobalSection(SolutionConfigurationPlatforms) = preSolution
		Debug|Win32 = Debug|Win32
		Release|Win32 = Release|Win32
	EndGlobalSection
	GlobalSection(ProjectConfigurationPlatforms) = postSolution
		{27A16D6C-1B7B-45B9-A46F-921A96AB92F6}.Debug|Win32.ActiveCfg = Debug|Win32
		{27A16D6C-1B7B-45B9-A46F-921A96AB92F6}.Debug|Win32.Build.0 = Debug|Win32
		{27A16D6C-1B7B-45B9-A46F-921A96AB92F6}.Release|Win32.ActiveCfg = Release|Win32
		{27A16D6C-1B7B-45B9-A46F-921A96AB92F6}.Release|Win32.Build.0 = Release|Win32
	EndGlobalSection
	GlobalSection(SolutionProperties) = preSolution
		HideSolutionNode = FALSE
	EndGlobalSection
EndGlobal
